
Microsoft Visual Studio Solution File, Format Version 12.00
# Visual Studio 15
VisualStudioVersion = 15.0.27428.2043
MinimumVisualStudioVersion = 10.0.40219.1
Project("{FAE04EC0-301F-11D3-BF4B-00C04F79EFBC}") = "ConsoleApp1", "ConsoleApp1\ConsoleApp1.csproj", "{A7C431B1-DC35-465A-BC81-89F0071BA165}"
EndProject
Global
	GlobalSection(SolutionConfigurationPlatforms) = preSolution
		Debug|Any CPU = Debug|Any CPU
		Release|Any CPU = Release|Any CPU
	EndGlobalSection
	GlobalSection(ProjectConfigurationPlatforms) = postSolution
		{A7C431B1-DC35-465A-BC81-89F0071BA165}.Debug|Any CPU.ActiveCfg = Debug|Any CPU
		{A7C431B1-DC35-465A-BC81-89F0071BA165}.Debug|Any CPU.Build.0 = Debug|Any CPU
		{A7C431B1-DC35-465A-BC81-89F0071BA165}.Release|Any CPU.ActiveCfg = Release|Any CPU
		{A7C431B1-DC35-465A-BC81-89F0071BA165}.Release|Any CPU.Build.0 = Release|Any CPU
	EndGlobalSection
	GlobalSection(SolutionProperties) = preSolution
		HideSolutionNode = FALSE
	EndGlobalSection
	GlobalSection(ExtensibilityGlobals) = postSolution
		SolutionGuid = {2FE5E77B-1FF5-455A-8495-4B175103A5AA}
	EndGlobalSection
EndGlobal
